
Microsoft Visual Studio Solution File, Format Version 12.00
# Visual Studio Version 16
VisualStudioVersion = 16.0.31205.134
MinimumVisualStudioVersion = 10.0.40219.1
Project("{FAE04EC0-301F-11D3-BF4B-00C04F79EFBC}") = "Count", "Count.csproj", "{D3624790-4964-4373-B26A-858613DF3183}"
EndProject
Global
	GlobalSection(SolutionConfigurationPlatforms) = preSolution
		Debug|Any CPU = Debug|Any CPU
		Release|Any CPU = Release|Any CPU
	EndGlobalSection
	GlobalSection(ProjectConfigurationPlatforms) = postSolution
		{D3624790-4964-4373-B26A-858613DF3183}.Debug|Any CPU.ActiveCfg = Debug|Any CPU
		{D3624790-4964-4373-B26A-858613DF3183}.Debug|Any CPU.Build.0 = Debug|Any CPU
		{D3624790-4964-4373-B26A-858613DF3183}.Release|Any CPU.ActiveCfg = Release|Any CPU
		{D3624790-4964-4373-B26A-858613DF3183}.Release|Any CPU.Build.0 = Release|Any CPU
	EndGlobalSection
	GlobalSection(SolutionProperties) = preSolution
		HideSolutionNode = FALSE
	EndGlobalSection
	GlobalSection(ExtensibilityGlobals) = postSolution
		SolutionGuid = {9AC24406-8702-4499-97C3-BA5741B205FA}
	EndGlobalSection
EndGlobal
